
Microsoft Visual Studio Solution File, Format Version 12.00
# Visual Studio Version 16
VisualStudioVersion = 16.0.29209.62
MinimumVisualStudioVersion = 10.0.40219.1
Project("{FAE04EC0-301F-11D3-BF4B-00C04F79EFBC}") = "finaltest", "finaltest\finaltest.csproj", "{2B9379D5-8967-4BE9-AAE3-08794C33A7A8}"
EndProject
Global
	GlobalSection(SolutionConfigurationPlatforms) = preSolution
		Debug|Any CPU = Debug|Any CPU
		Debug|x64 = Debug|x64
		Release|Any CPU = Release|Any CPU
		Release|x64 = Release|x64
	EndGlobalSection
	GlobalSection(ProjectConfigurationPlatforms) = postSolution
		{2B9379D5-8967-4BE9-AAE3-08794C33A7A8}.Debug|Any CPU.ActiveCfg = Debug|Any CPU
		{2B9379D5-8967-4BE9-AAE3-08794C33A7A8}.Debug|Any CPU.Build.0 = Debug|Any CPU
		{2B9379D5-8967-4BE9-AAE3-08794C33A7A8}.Debug|x64.ActiveCfg = Debug|x64
		{2B9379D5-8967-4BE9-AAE3-08794C33A7A8}.Debug|x64.Build.0 = Debug|x64
		{2B9379D5-8967-4BE9-AAE3-08794C33A7A8}.Release|Any CPU.ActiveCfg = Release|Any CPU
		{2B9379D5-8967-4BE9-AAE3-08794C33A7A8}.Release|Any CPU.Build.0 = Release|Any CPU
		{2B9379D5-8967-4BE9-AAE3-08794C33A7A8}.Release|x64.ActiveCfg = Release|x64
		{2B9379D5-8967-4BE9-AAE3-08794C33A7A8}.Release|x64.Build.0 = Release|x64
	EndGlobalSection
	GlobalSection(SolutionProperties) = preSolution
		HideSolutionNode = FALSE
	EndGlobalSection
	GlobalSection(ExtensibilityGlobals) = postSolution
		SolutionGuid = {EB824499-7FCB-4464-A9D5-BF9B6C62A12C}
	EndGlobalSection
EndGlobal
